
Microsoft Visual Studio Solution File, Format Version 12.00
# Visual Studio Version 16
VisualStudioVersion = 16.0.32126.315
MinimumVisualStudioVersion = 10.0.40219.1
Project("{FAE04EC0-301F-11D3-BF4B-00C04F79EFBC}") = "ConsoleAppProgramlari", "ConsoleAppProgramlari\ConsoleAppProgramlari.csproj", "{24B3E429-5B0A-43AE-B511-955B79D477E7}"
EndProject
Project("{FAE04EC0-301F-11D3-BF4B-00C04F79EFBC}") = "AsalSayilar", "AsalSayilar\AsalSayilar.csproj", "{F7F72240-C504-4674-BF6C-6AFAB5A19DEF}"
EndProject
Project("{FAE04EC0-301F-11D3-BF4B-00C04F79EFBC}") = "1-100 Arası Sayı Tahmin Eden Program", "1-100 Arası Sayı Tahmin Eden Program\1-100 Arası Sayı Tahmin Eden Program.csproj", "{4908E02A-6352-4A6E-8A9F-B42A97729832}"
EndProject
Project("{FAE04EC0-301F-11D3-BF4B-00C04F79EFBC}") = "PropertyKavrami", "PropertyKavrami\PropertyKavrami.csproj", "{7C766514-BDB6-4F40-95DC-456D66A06CFC}"
EndProject
Global
	GlobalSection(SolutionConfigurationPlatforms) = preSolution
		Debug|Any CPU = Debug|Any CPU
		Release|Any CPU = Release|Any CPU
	EndGlobalSection
	GlobalSection(ProjectConfigurationPlatforms) = postSolution
		{24B3E429-5B0A-43AE-B511-955B79D477E7}.Debug|Any CPU.ActiveCfg = Debug|Any CPU
		{24B3E429-5B0A-43AE-B511-955B79D477E7}.Debug|Any CPU.Build.0 = Debug|Any CPU
		{24B3E429-5B0A-43AE-B511-955B79D477E7}.Release|Any CPU.ActiveCfg = Release|Any CPU
		{24B3E429-5B0A-43AE-B511-955B79D477E7}.Release|Any CPU.Build.0 = Release|Any CPU
		{F7F72240-C504-4674-BF6C-6AFAB5A19DEF}.Debug|Any CPU.ActiveCfg = Debug|Any CPU
		{F7F72240-C504-4674-BF6C-6AFAB5A19DEF}.Debug|Any CPU.Build.0 = Debug|Any CPU
		{F7F72240-C504-4674-BF6C-6AFAB5A19DEF}.Release|Any CPU.ActiveCfg = Release|Any CPU
		{F7F72240-C504-4674-BF6C-6AFAB5A19DEF}.Release|Any CPU.Build.0 = Release|Any CPU
		{4908E02A-6352-4A6E-8A9F-B42A97729832}.Debug|Any CPU.ActiveCfg = Debug|Any CPU
		{4908E02A-6352-4A6E-8A9F-B42A97729832}.Debug|Any CPU.Build.0 = Debug|Any CPU
		{4908E02A-6352-4A6E-8A9F-B42A97729832}.Release|Any CPU.ActiveCfg = Release|Any CPU
		{4908E02A-6352-4A6E-8A9F-B42A97729832}.Release|Any CPU.Build.0 = Release|Any CPU
		{7C766514-BDB6-4F40-95DC-456D66A06CFC}.Debug|Any CPU.ActiveCfg = Debug|Any CPU
		{7C766514-BDB6-4F40-95DC-456D66A06CFC}.Debug|Any CPU.Build.0 = Debug|Any CPU
		{7C766514-BDB6-4F40-95DC-456D66A06CFC}.Release|Any CPU.ActiveCfg = Release|Any CPU
		{7C766514-BDB6-4F40-95DC-456D66A06CFC}.Release|Any CPU.Build.0 = Release|Any CPU
	EndGlobalSection
	GlobalSection(SolutionProperties) = preSolution
		HideSolutionNode = FALSE
	EndGlobalSection
	GlobalSection(ExtensibilityGlobals) = postSolution
		SolutionGuid = {56BE8047-4E26-4EEB-A277-44A8BD894817}
	EndGlobalSection
EndGlobal
